
Microsoft Visual Studio Solution File, Format Version 12.00
# Visual Studio Version 17
VisualStudioVersion = 17.0.31903.59
MinimumVisualStudioVersion = 10.0.40219.1
Project("{2150E333-8FDC-42A3-9474-1A3956D46DE8}") = "src", "src", "{827E0CD3-B72D-47B6-A68D-7590B98EB39B}"
EndProject
Project("{2150E333-8FDC-42A3-9474-1A3956D46DE8}") = "Core", "Core", "{8D626EA8-CB54-BC41-363A-217881BEBA6E}"
EndProject
Project("{FAE04EC0-301F-11D3-BF4B-00C04F79EFBC}") = "OnlineCommunities.Core", "src\Core\OnlineCommunities.Core.csproj", "{00F41335-1074-4D56-A793-945402B6E79C}"
EndProject
Project("{2150E333-8FDC-42A3-9474-1A3956D46DE8}") = "Application", "Application", "{22BAF98C-8415-17C4-B26A-D537657BC863}"
EndProject
Project("{FAE04EC0-301F-11D3-BF4B-00C04F79EFBC}") = "OnlineCommunities.Application", "src\Application\OnlineCommunities.Application.csproj", "{069C5A68-6C66-4045-80FC-B9B70A33261B}"
EndProject
Project("{2150E333-8FDC-42A3-9474-1A3956D46DE8}") = "Infrastructure", "Infrastructure", "{9048EB7F-3875-A59E-E36B-5BD4C6F2A282}"
EndProject
Project("{FAE04EC0-301F-11D3-BF4B-00C04F79EFBC}") = "OnlineCommunities.Infrastructure", "src\Infrastructure\OnlineCommunities.Infrastructure.csproj", "{6D891E0F-4399-4C90-AF3E-4C8CBAF4B1CE}"
EndProject
Project("{2150E333-8FDC-42A3-9474-1A3956D46DE8}") = "Api", "Api", "{81034408-37C8-1011-444E-4C15C2FADA8E}"
EndProject
Project("{FAE04EC0-301F-11D3-BF4B-00C04F79EFBC}") = "OnlineCommunities.Api", "src\Api\OnlineCommunities.Api.csproj", "{69B65EBA-0F17-4D87-A26C-E068D2220B1F}"
EndProject
Project("{2150E333-8FDC-42A3-9474-1A3956D46DE8}") = "tests", "tests", "{0AB3BF05-4346-4AA6-1389-037BE0695223}"
EndProject
Project("{2150E333-8FDC-42A3-9474-1A3956D46DE8}") = "Core.Tests", "Core.Tests", "{1188FC29-6841-2B7F-D680-EE3519BF48A4}"
EndProject
Project("{FAE04EC0-301F-11D3-BF4B-00C04F79EFBC}") = "OnlineCommunities.Core.Tests", "tests\Core.Tests\OnlineCommunities.Core.Tests.csproj", "{B8272F46-DE78-4C89-8BA6-25A3E6FC7ACB}"
EndProject
Project("{2150E333-8FDC-42A3-9474-1A3956D46DE8}") = "Application.Tests", "Application.Tests", "{E54C5156-A79F-F12B-3B9F-7475A4B81BB0}"
EndProject
Project("{FAE04EC0-301F-11D3-BF4B-00C04F79EFBC}") = "OnlineCommunities.Application.Tests", "tests\Application.Tests\OnlineCommunities.Application.Tests.csproj", "{2B4CEEA2-78BE-4FD3-8265-3562EBE5F6C6}"
EndProject
Project("{2150E333-8FDC-42A3-9474-1A3956D46DE8}") = "Integration.Tests", "Integration.Tests", "{0CBD8A84-ADDB-80AC-D34C-93737CE66ECA}"
EndProject
Project("{FAE04EC0-301F-11D3-BF4B-00C04F79EFBC}") = "OnlineCommunities.Integration.Tests", "tests\Integration.Tests\OnlineCommunities.Integration.Tests.csproj", "{7E76AC6D-FC0E-4AED-81A3-C1B9C4BDD9DE}"
EndProject
Global
	GlobalSection(SolutionConfigurationPlatforms) = preSolution
		Debug|Any CPU = Debug|Any CPU
		Debug|x64 = Debug|x64
		Debug|x86 = Debug|x86
		Release|Any CPU = Release|Any CPU
		Release|x64 = Release|x64
		Release|x86 = Release|x86
	EndGlobalSection
	GlobalSection(ProjectConfigurationPlatforms) = postSolution
		{00F41335-1074-4D56-A793-945402B6E79C}.Debug|Any CPU.ActiveCfg = Debug|Any CPU
		{00F41335-1074-4D56-A793-945402B6E79C}.Debug|Any CPU.Build.0 = Debug|Any CPU
		{00F41335-1074-4D56-A793-945402B6E79C}.Debug|x64.ActiveCfg = Debug|Any CPU
		{00F41335-1074-4D56-A793-945402B6E79C}.Debug|x64.Build.0 = Debug|Any CPU
		{00F41335-1074-4D56-A793-945402B6E79C}.Debug|x86.ActiveCfg = Debug|Any CPU
		{00F41335-1074-4D56-A793-945402B6E79C}.Debug|x86.Build.0 = Debug|Any CPU
		{00F41335-1074-4D56-A793-945402B6E79C}.Release|Any CPU.ActiveCfg = Release|Any CPU
		{00F41335-1074-4D56-A793-945402B6E79C}.Release|Any CPU.Build.0 = Release|Any CPU
		{00F41335-1074-4D56-A793-945402B6E79C}.Release|x64.ActiveCfg = Release|Any CPU
		{00F41335-1074-4D56-A793-945402B6E79C}.Release|x64.Build.0 = Release|Any CPU
		{00F41335-1074-4D56-A793-945402B6E79C}.Release|x86.ActiveCfg = Release|Any CPU
		{00F41335-1074-4D56-A793-945402B6E79C}.Release|x86.Build.0 = Release|Any CPU
		{069C5A68-6C66-4045-80FC-B9B70A33261B}.Debug|Any CPU.ActiveCfg = Debug|Any CPU
		{069C5A68-6C66-4045-80FC-B9B70A33261B}.Debug|Any CPU.Build.0 = Debug|Any CPU
		{069C5A68-6C66-4045-80FC-B9B70A33261B}.Debug|x64.ActiveCfg = Debug|Any CPU
		{069C5A68-6C66-4045-80FC-B9B70A33261B}.Debug|x64.Build.0 = Debug|Any CPU
		{069C5A68-6C66-4045-80FC-B9B70A33261B}.Debug|x86.ActiveCfg = Debug|Any CPU
		{069C5A68-6C66-4045-80FC-B9B70A33261B}.Debug|x86.Build.0 = Debug|Any CPU
		{069C5A68-6C66-4045-80FC-B9B70A33261B}.Release|Any CPU.ActiveCfg = Release|Any CPU
		{069C5A68-6C66-4045-80FC-B9B70A33261B}.Release|Any CPU.Build.0 = Release|Any CPU
		{069C5A68-6C66-4045-80FC-B9B70A33261B}.Release|x64.ActiveCfg = Release|Any CPU
		{069C5A68-6C66-4045-80FC-B9B70A33261B}.Release|x64.Build.0 = Release|Any CPU
		{069C5A68-6C66-4045-80FC-B9B70A33261B}.Release|x86.ActiveCfg = Release|Any CPU
		{069C5A68-6C66-4045-80FC-B9B70A33261B}.Release|x86.Build.0 = Release|Any CPU
		{6D891E0F-4399-4C90-AF3E-4C8CBAF4B1CE}.Debug|Any CPU.ActiveCfg = Debug|Any CPU
		{6D891E0F-4399-4C90-AF3E-4C8CBAF4B1CE}.Debug|Any CPU.Build.0 = Debug|Any CPU
		{6D891E0F-4399-4C90-AF3E-4C8CBAF4B1CE}.Debug|x64.ActiveCfg = Debug|Any CPU
		{6D891E0F-4399-4C90-AF3E-4C8CBAF4B1CE}.Debug|x64.Build.0 = Debug|Any CPU
		{6D891E0F-4399-4C90-AF3E-4C8CBAF4B1CE}.Debug|x86.ActiveCfg = Debug|Any CPU
		{6D891E0F-4399-4C90-AF3E-4C8CBAF4B1CE}.Debug|x86.Build.0 = Debug|Any CPU
		{6D891E0F-4399-4C90-AF3E-4C8CBAF4B1CE}.Release|Any CPU.ActiveCfg = Release|Any CPU
		{6D891E0F-4399-4C90-AF3E-4C8CBAF4B1CE}.Release|Any CPU.Build.0 = Release|Any CPU
		{6D891E0F-4399-4C90-AF3E-4C8CBAF4B1CE}.Release|x64.ActiveCfg = Release|Any CPU
		{6D891E0F-4399-4C90-AF3E-4C8CBAF4B1CE}.Release|x64.Build.0 = Release|Any CPU
		{6D891E0F-4399-4C90-AF3E-4C8CBAF4B1CE}.Release|x86.ActiveCfg = Release|Any CPU
		{6D891E0F-4399-4C90-AF3E-4C8CBAF4B1CE}.Release|x86.Build.0 = Release|Any CPU
		{69B65EBA-0F17-4D87-A26C-E068D2220B1F}.Debug|Any CPU.ActiveCfg = Debug|Any CPU
		{69B65EBA-0F17-4D87-A26C-E068D2220B1F}.Debug|Any CPU.Build.0 = Debug|Any CPU
		{69B65EBA-0F17-4D87-A26C-E068D2220B1F}.Debug|x64.ActiveCfg = Debug|Any CPU
		{69B65EBA-0F17-4D87-A26C-E068D2220B1F}.Debug|x64.Build.0 = Debug|Any CPU
		{69B65EBA-0F17-4D87-A26C-E068D2220B1F}.Debug|x86.ActiveCfg = Debug|Any CPU
		{69B65EBA-0F17-4D87-A26C-E068D2220B1F}.Debug|x86.Build.0 = Debug|Any CPU
		{69B65EBA-0F17-4D87-A26C-E068D2220B1F}.Release|Any CPU.ActiveCfg = Release|Any CPU
		{69B65EBA-0F17-4D87-A26C-E068D2220B1F}.Release|Any CPU.Build.0 = Release|Any CPU
		{69B65EBA-0F17-4D87-A26C-E068D2220B1F}.Release|x64.ActiveCfg = Release|Any CPU
		{69B65EBA-0F17-4D87-A26C-E068D2220B1F}.Release|x64.Build.0 = Release|Any CPU
		{69B65EBA-0F17-4D87-A26C-E068D2220B1F}.Release|x86.ActiveCfg = Release|Any CPU
		{69B65EBA-0F17-4D87-A26C-E068D2220B1F}.Release|x86.Build.0 = Release|Any CPU
		{B8272F46-DE78-4C89-8BA6-25A3E6FC7ACB}.Debug|Any CPU.ActiveCfg = Debug|Any CPU
		{B8272F46-DE78-4C89-8BA6-25A3E6FC7ACB}.Debug|Any CPU.Build.0 = Debug|Any CPU
		{B8272F46-DE78-4C89-8BA6-25A3E6FC7ACB}.Debug|x64.ActiveCfg = Debug|Any CPU
		{B8272F46-DE78-4C89-8BA6-25A3E6FC7ACB}.Debug|x64.Build.0 = Debug|Any CPU
		{B8272F46-DE78-4C89-8BA6-25A3E6FC7ACB}.Debug|x86.ActiveCfg = Debug|Any CPU
		{B8272F46-DE78-4C89-8BA6-25A3E6FC7ACB}.Debug|x86.Build.0 = Debug|Any CPU
		{B8272F46-DE78-4C89-8BA6-25A3E6FC7ACB}.Release|Any CPU.ActiveCfg = Release|Any CPU
		{B8272F46-DE78-4C89-8BA6-25A3E6FC7ACB}.Release|Any CPU.Build.0 = Release|Any CPU
		{B8272F46-DE78-4C89-8BA6-25A3E6FC7ACB}.Release|x64.ActiveCfg = Release|Any CPU
		{B8272F46-DE78-4C89-8BA6-25A3E6FC7ACB}.Release|x64.Build.0 = Release|Any CPU
		{B8272F46-DE78-4C89-8BA6-25A3E6FC7ACB}.Release|x86.ActiveCfg = Release|Any CPU
		{B8272F46-DE78-4C89-8BA6-25A3E6FC7ACB}.Release|x86.Build.0 = Release|Any CPU
		{2B4CEEA2-78BE-4FD3-8265-3562EBE5F6C6}.Debug|Any CPU.ActiveCfg = Debug|Any CPU
		{2B4CEEA2-78BE-4FD3-8265-3562EBE5F6C6}.Debug|Any CPU.Build.0 = Debug|Any CPU
		{2B4CEEA2-78BE-4FD3-8265-3562EBE5F6C6}.Debug|x64.ActiveCfg = Debug|Any CPU
		{2B4CEEA2-78BE-4FD3-8265-3562EBE5F6C6}.Debug|x64.Build.0 = Debug|Any CPU
		{2B4CEEA2-78BE-4FD3-8265-3562EBE5F6C6}.Debug|x86.ActiveCfg = Debug|Any CPU
		{2B4CEEA2-78BE-4FD3-8265-3562EBE5F6C6}.Debug|x86.Build.0 = Debug|Any CPU
		{2B4CEEA2-78BE-4FD3-8265-3562EBE5F6C6}.Release|Any CPU.ActiveCfg = Release|Any CPU
		{2B4CEEA2-78BE-4FD3-8265-3562EBE5F6C6}.Release|Any CPU.Build.0 = Release|Any CPU
		{2B4CEEA2-78BE-4FD3-8265-3562EBE5F6C6}.Release|x64.ActiveCfg = Release|Any CPU
		{2B4CEEA2-78BE-4FD3-8265-3562EBE5F6C6}.Release|x64.Build.0 = Release|Any CPU
		{2B4CEEA2-78BE-4FD3-8265-3562EBE5F6C6}.Release|x86.ActiveCfg = Release|Any CPU
		{2B4CEEA2-78BE-4FD3-8265-3562EBE5F6C6}.Release|x86.Build.0 = Release|Any CPU
		{7E76AC6D-FC0E-4AED-81A3-C1B9C4BDD9DE}.Debug|Any CPU.ActiveCfg = Debug|Any CPU
		{7E76AC6D-FC0E-4AED-81A3-C1B9C4BDD9DE}.Debug|Any CPU.Build.0 = Debug|Any CPU
		{7E76AC6D-FC0E-4AED-81A3-C1B9C4BDD9DE}.Debug|x64.ActiveCfg = Debug|Any CPU
		{7E76AC6D-FC0E-4AED-81A3-C1B9C4BDD9DE}.Debug|x64.Build.0 = Debug|Any CPU
		{7E76AC6D-FC0E-4AED-81A3-C1B9C4BDD9DE}.Debug|x86.ActiveCfg = Debug|Any CPU
		{7E76AC6D-FC0E-4AED-81A3-C1B9C4BDD9DE}.Debug|x86.Build.0 = Debug|Any CPU
		{7E76AC6D-FC0E-4AED-81A3-C1B9C4BDD9DE}.Release|Any CPU.ActiveCfg = Release|Any CPU
		{7E76AC6D-FC0E-4AED-81A3-C1B9C4BDD9DE}.Release|Any CPU.Build.0 = Release|Any CPU
		{7E76AC6D-FC0E-4AED-81A3-C1B9C4BDD9DE}.Release|x64.ActiveCfg = Release|Any CPU
		{7E76AC6D-FC0E-4AED-81A3-C1B9C4BDD9DE}.Release|x64.Build.0 = Release|Any CPU
		{7E76AC6D-FC0E-4AED-81A3-C1B9C4BDD9DE}.Release|x86.ActiveCfg = Release|Any CPU
		{7E76AC6D-FC0E-4AED-81A3-C1B9C4BDD9DE}.Release|x86.Build.0 = Release|Any CPU
	EndGlobalSection
	GlobalSection(SolutionProperties) = preSolution
		HideSolutionNode = FALSE
	EndGlobalSection
	GlobalSection(NestedProjects) = preSolution
		{8D626EA8-CB54-BC41-363A-217881BEBA6E} = {827E0CD3-B72D-47B6-A68D-7590B98EB39B}
		{00F41335-1074-4D56-A793-945402B6E79C} = {8D626EA8-CB54-BC41-363A-217881BEBA6E}
		{22BAF98C-8415-17C4-B26A-D537657BC863} = {827E0CD3-B72D-47B6-A68D-7590B98EB39B}
		{069C5A68-6C66-4045-80FC-B9B70A33261B} = {22BAF98C-8415-17C4-B26A-D537657BC863}
		{9048EB7F-3875-A59E-E36B-5BD4C6F2A282} = {827E0CD3-B72D-47B6-A68D-7590B98EB39B}
		{6D891E0F-4399-4C90-AF3E-4C8CBAF4B1CE} = {9048EB7F-3875-A59E-E36B-5BD4C6F2A282}
		{81034408-37C8-1011-444E-4C15C2FADA8E} = {827E0CD3-B72D-47B6-A68D-7590B98EB39B}
		{69B65EBA-0F17-4D87-A26C-E068D2220B1F} = {81034408-37C8-1011-444E-4C15C2FADA8E}
		{1188FC29-6841-2B7F-D680-EE3519BF48A4} = {0AB3BF05-4346-4AA6-1389-037BE0695223}
		{B8272F46-DE78-4C89-8BA6-25A3E6FC7ACB} = {1188FC29-6841-2B7F-D680-EE3519BF48A4}
		{E54C5156-A79F-F12B-3B9F-7475A4B81BB0} = {0AB3BF05-4346-4AA6-1389-037BE0695223}
		{2B4CEEA2-78BE-4FD3-8265-3562EBE5F6C6} = {E54C5156-A79F-F12B-3B9F-7475A4B81BB0}
		{0CBD8A84-ADDB-80AC-D34C-93737CE66ECA} = {0AB3BF05-4346-4AA6-1389-037BE0695223}
		{7E76AC6D-FC0E-4AED-81A3-C1B9C4BDD9DE} = {0CBD8A84-ADDB-80AC-D34C-93737CE66ECA}
	EndGlobalSection
EndGlobal
